// !$*UTF8*$!
{
	archiveVersion = 1;
	classes = {
	};
	objectVersion = 56;
	objects = {

/* Begin PBXBuildFile section */
		5C3DBC342B34E49B00587F2A /* GameLogsView.swift in Sources */ = {isa = PBXBuildFile; fileRef = 5C3DBC332B34E49B00587F2A /* GameLogsView.swift */; };
		5C3DBC362B37E6F100587F2A /* Game.swift in Sources */ = {isa = PBXBuildFile; fileRef = 5C3DBC352B37E6F100587F2A /* Game.swift */; };
		5C4BBA0E2B01B71A00063656 /* JustReffinApp.swift in Sources */ = {isa = PBXBuildFile; fileRef = 5C4BBA0D2B01B71A00063656 /* JustReffinApp.swift */; };
		5C4BBA102B01B71A00063656 /* ContentView.swift in Sources */ = {isa = PBXBuildFile; fileRef = 5C4BBA0F2B01B71A00063656 /* ContentView.swift */; };
		5C4BBA122B01B71C00063656 /* Assets.xcassets in Resources */ = {isa = PBXBuildFile; fileRef = 5C4BBA112B01B71C00063656 /* Assets.xcassets */; };
		5C4BBA152B01B71C00063656 /* Preview Assets.xcassets in Resources */ = {isa = PBXBuildFile; fileRef = 5C4BBA142B01B71C00063656 /* Preview Assets.xcassets */; };
		5C4BBA1F2B01B71C00063656 /* JustReffinTests.swift in Sources */ = {isa = PBXBuildFile; fileRef = 5C4BBA1E2B01B71C00063656 /* JustReffinTests.swift */; };
		5C4BBA292B01B71C00063656 /* JustReffinUITests.swift in Sources */ = {isa = PBXBuildFile; fileRef = 5C4BBA282B01B71C00063656 /* JustReffinUITests.swift */; };
		5C4BBA2B2B01B71C00063656 /* JustReffinUITestsLaunchTests.swift in Sources */ = {isa = PBXBuildFile; fileRef = 5C4BBA2A2B01B71C00063656 /* JustReffinUITestsLaunchTests.swift */; };
		5C4BBA382B11605B00063656 /* TimerView.swift in Sources */ = {isa = PBXBuildFile; fileRef = 5C4BBA372B11605B00063656 /* TimerView.swift */; };
/* End PBXBuildFile section */

/* Begin PBXContainerItemProxy section */
		5C4BBA1B2B01B71C00063656 /* PBXContainerItemProxy */ = {
			isa = PBXContainerItemProxy;
			containerPortal = 5C4BBA022B01B71A00063656 /* Project object */;
			proxyType = 1;
			remoteGlobalIDString = 5C4BBA092B01B71A00063656;
			remoteInfo = JustReffin;
		};
		5C4BBA252B01B71C00063656 /* PBXContainerItemProxy */ = {
			isa = PBXContainerItemProxy;
			containerPortal = 5C4BBA022B01B71A00063656 /* Project object */;
			proxyType = 1;
			remoteGlobalIDString = 5C4BBA092B01B71A00063656;
			remoteInfo = JustReffin;
		};
/* End PBXContainerItemProxy section */

/* Begin PBXFileReference section */
		5C3DBC332B34E49B00587F2A /* GameLogsView.swift */ = {isa = PBXFileReference; lastKnownFileType = sourcecode.swift; path = GameLogsView.swift; sourceTree = "<group>"; };
		5C3DBC352B37E6F100587F2A /* Game.swift */ = {isa = PBXFileReference; lastKnownFileType = sourcecode.swift; path = Game.swift; sourceTree = "<group>"; };
		5C4BBA0A2B01B71A00063656 /* JustReffin.app */ = {isa = PBXFileReference; explicitFileType = wrapper.application; includeInIndex = 0; path = JustReffin.app; sourceTree = BUILT_PRODUCTS_DIR; };
		5C4BBA0D2B01B71A00063656 /* JustReffinApp.swift */ = {isa = PBXFileReference; lastKnownFileType = sourcecode.swift; path = JustReffinApp.swift; sourceTree = "<group>"; };
		5C4BBA0F2B01B71A00063656 /* ContentView.swift */ = {isa = PBXFileReference; lastKnownFileType = sourcecode.swift; path = ContentView.swift; sourceTree = "<group>"; };
		5C4BBA112B01B71C00063656 /* Assets.xcassets */ = {isa = PBXFileReference; lastKnownFileType = folder.assetcatalog; path = Assets.xcassets; sourceTree = "<group>"; };
		5C4BBA142B01B71C00063656 /* Preview Assets.xcassets */ = {isa = PBXFileReference; lastKnownFileType = folder.assetcatalog; path = "Preview Assets.xcassets"; sourceTree = "<group>"; };
		5C4BBA1A2B01B71C00063656 /* JustReffinTests.xctest */ = {isa = PBXFileReference; explicitFileType = wrapper.cfbundle; includeInIndex = 0; path = JustReffinTests.xctest; sourceTree = BUILT_PRODUCTS_DIR; };
		5C4BBA1E2B01B71C00063656 /* JustReffinTests.swift */ = {isa = PBXFileReference; lastKnownFileType = sourcecode.swift; path = JustReffinTests.swift; sourceTree = "<group>"; };
		5C4BBA242B01B71C00063656 /* JustReffinUITests.xctest */ = {isa = PBXFileReference; explicitFileType = wrapper.cfbundle; includeInIndex = 0; path = JustReffinUITests.xctest; sourceTree = BUILT_PRODUCTS_DIR; };
		5C4BBA282B01B71C00063656 /* JustReffinUITests.swift */ = {isa = PBXFileReference; lastKnownFileType = sourcecode.swift; path = JustReffinUITests.swift; sourceTree = "<group>"; };
		5C4BBA2A2B01B71C00063656 /* JustReffinUITestsLaunchTests.swift */ = {isa = PBXFileReference; lastKnownFileType = sourcecode.swift; path = JustReffinUITestsLaunchTests.swift; sourceTree = "<group>"; };
		5C4BBA372B11605B00063656 /* TimerView.swift */ = {isa = PBXFileReference; lastKnownFileType = sourcecode.swift; path = TimerView.swift; sourceTree = "<group>"; };
/* End PBXFileReference section */

/* Begin PBXFrameworksBuildPhase section */
		5C4BBA072B01B71A00063656 /* Frameworks */ = {
			isa = PBXFrameworksBuildPhase;
			buildActionMask = 2147483647;
			files = (
			);
			runOnlyForDeploymentPostprocessing = 0;
		};
		5C4BBA172B01B71C00063656 /* Frameworks */ = {
			isa = PBXFrameworksBuildPhase;
			buildActionMask = 2147483647;
			files = (
			);
			runOnlyForDeploymentPostprocessing = 0;
		};
		5C4BBA212B01B71C00063656 /* Frameworks */ = {
			isa = PBXFrameworksBuildPhase;
			buildActionMask = 2147483647;
			files = (
			);
			runOnlyForDeploymentPostprocessing = 0;
		};
/* End PBXFrameworksBuildPhase section */

/* Begin PBXGroup section */
		5C4BBA012B01B71A00063656 = {
			isa = PBXGroup;
			children = (
				5C4BBA0C2B01B71A00063656 /* JustReffin */,
				5C4BBA1D2B01B71C00063656 /* JustReffinTests */,
				5C4BBA272B01B71C00063656 /* JustReffinUITests */,
				5C4BBA0B2B01B71A00063656 /* Products */,
			);
			sourceTree = "<group>";
		};
		5C4BBA0B2B01B71A00063656 /* Products */ = {
			isa = PBXGroup;
			children = (
				5C4BBA0A2B01B71A00063656 /* JustReffin.app */,
				5C4BBA1A2B01B71C00063656 /* JustReffinTests.xctest */,
				5C4BBA242B01B71C00063656 /* JustReffinUITests.xctest */,
			);
			name = Products;
			sourceTree = "<group>";
		};
		5C4BBA0C2B01B71A00063656 /* JustReffin */ = {
			isa = PBXGroup;
			children = (
				5C3DBC352B37E6F100587F2A /* Game.swift */,
				5C3DBC332B34E49B00587F2A /* GameLogsView.swift */,
				5C4BBA372B11605B00063656 /* TimerView.swift */,
				5C4BBA0D2B01B71A00063656 /* JustReffinApp.swift */,
				5C4BBA0F2B01B71A00063656 /* ContentView.swift */,
				5C4BBA112B01B71C00063656 /* Assets.xcassets */,
				5C4BBA132B01B71C00063656 /* Preview Content */,
			);
			path = JustReffin;
			sourceTree = "<group>";
		};
		5C4BBA132B01B71C00063656 /* Preview Content */ = {
			isa = PBXGroup;
			children = (
				5C4BBA142B01B71C00063656 /* Preview Assets.xcassets */,
			);
			path = "Preview Content";
			sourceTree = "<group>";
		};
		5C4BBA1D2B01B71C00063656 /* JustReffinTests */ = {
			isa = PBXGroup;
			children = (
				5C4BBA1E2B01B71C00063656 /* JustReffinTests.swift */,
			);
			path = JustReffinTests;
			sourceTree = "<group>";
		};
		5C4BBA272B01B71C00063656 /* JustReffinUITests */ = {
			isa = PBXGroup;
			children = (
				5C4BBA282B01B71C00063656 /* JustReffinUITests.swift */,
				5C4BBA2A2B01B71C00063656 /* JustReffinUITestsLaunchTests.swift */,
			);
			path = JustReffinUITests;
			sourceTree = "<group>";
		};
/* End PBXGroup section */

/* Begin PBXNativeTarget section */
		5C4BBA092B01B71A00063656 /* JustReffin */ = {
			isa = PBXNativeTarget;
			buildConfigurationList = 5C4BBA2E2B01B71C00063656 /* Build configuration list for PBXNativeTarget "JustReffin" */;
			buildPhases = (
				5C4BBA062B01B71A00063656 /* Sources */,
				5C4BBA072B01B71A00063656 /* Frameworks */,
				5C4BBA082B01B71A00063656 /* Resources */,
			);
			buildRules = (
			);
			dependencies = (
			);
			name = JustReffin;
			productName = JustReffin;
			productReference = 5C4BBA0A2B01B71A00063656 /* JustReffin.app */;
			productType = "com.apple.product-type.application";
		};
		5C4BBA192B01B71C00063656 /* JustReffinTests */ = {
			isa = PBXNativeTarget;
			buildConfigurationList = 5C4BBA312B01B71C00063656 /* Build configuration list for PBXNativeTarget "JustReffinTests" */;
			buildPhases = (
				5C4BBA162B01B71C00063656 /* Sources */,
				5C4BBA172B01B71C00063656 /* Frameworks */,
				5C4BBA182B01B71C00063656 /* Resources */,
			);
			buildRules = (
			);
			dependencies = (
				5C4BBA1C2B01B71C00063656 /* PBXTargetDependency */,
			);
			name = JustReffinTests;
			productName = JustReffinTests;
			productReference = 5C4BBA1A2B01B71C00063656 /* JustReffinTests.xctest */;
			productType = "com.apple.product-type.bundle.unit-test";
		};
		5C4BBA232B01B71C00063656 /* JustReffinUITests */ = {
			isa = PBXNativeTarget;
			buildConfigurationList = 5C4BBA342B01B71C00063656 /* Build configuration list for PBXNativeTarget "JustReffinUITests" */;
			buildPhases = (
				5C4BBA202B01B71C00063656 /* Sources */,
				5C4BBA212B01B71C00063656 /* Frameworks */,
				5C4BBA222B01B71C00063656 /* Resources */,
			);
			buildRules = (
			);
			dependencies = (
				5C4BBA262B01B71C00063656 /* PBXTargetDependency */,
			);
			name = JustReffinUITests;
			productName = JustReffinUITests;
			productReference = 5C4BBA242B01B71C00063656 /* JustReffinUITests.xctest */;
			productType = "com.apple.product-type.bundle.ui-testing";
		};
/* End PBXNativeTarget section */

/* Begin PBXProject section */
		5C4BBA022B01B71A00063656 /* Project object */ = {
			isa = PBXProject;
			attributes = {
				BuildIndependentTargetsInParallel = 1;
				LastSwiftUpdateCheck = 1500;
				LastUpgradeCheck = 1500;
				TargetAttributes = {
					5C4BBA092B01B71A00063656 = {
						CreatedOnToolsVersion = 15.0.1;
					};
					5C4BBA192B01B71C00063656 = {
						CreatedOnToolsVersion = 15.0.1;
						TestTargetID = 5C4BBA092B01B71A00063656;
					};
					5C4BBA232B01B71C00063656 = {
						CreatedOnToolsVersion = 15.0.1;
						TestTargetID = 5C4BBA092B01B71A00063656;
					};
				};
			};
			buildConfigurationList = 5C4BBA052B01B71A00063656 /* Build configuration list for PBXProject "JustReffin" */;
			compatibilityVersion = "Xcode 14.0";
			developmentRegion = en;
			hasScannedForEncodings = 0;
			knownRegions = (
				en,
				Base,
			);
			mainGroup = 5C4BBA012B01B71A00063656;
			productRefGroup = 5C4BBA0B2B01B71A00063656 /* Products */;
			projectDirPath = "";
			projectRoot = "";
			targets = (
				5C4BBA092B01B71A00063656 /* JustReffin */,
				5C4BBA192B01B71C00063656 /* JustReffinTests */,
				5C4BBA232B01B71C00063656 /* JustReffinUITests */,
			);
		};
/* End PBXProject section */

/* Begin PBXResourcesBuildPhase section */
		5C4BBA082B01B71A00063656 /* Resources */ = {
			isa = PBXResourcesBuildPhase;
			buildActionMask = 2147483647;
			files = (
				5C4BBA152B01B71C00063656 /* Preview Assets.xcassets in Resources */,
				5C4BBA122B01B71C00063656 /* Assets.xcassets in Resources */,
			);
			runOnlyForDeploymentPostprocessing = 0;
		};
		5C4BBA182B01B71C00063656 /* Resources */ = {
			isa = PBXResourcesBuildPhase;
			buildActionMask = 2147483647;
			files = (
			);
			runOnlyForDeploymentPostprocessing = 0;
		};
		5C4BBA222B01B71C00063656 /* Resources */ = {
			isa = PBXResourcesBuildPhase;
			buildActionMask = 2147483647;
			files = (
			);
			runOnlyForDeploymentPostprocessing = 0;
		};
/* End PBXResourcesBuildPhase section */

/* Begin PBXSourcesBuildPhase section */
		5C4BBA062B01B71A00063656 /* Sources */ = {
			isa = PBXSourcesBuildPhase;
			buildActionMask = 2147483647;
			files = (
				5C4BBA382B11605B00063656 /* TimerView.swift in Sources */,
				5C3DBC362B37E6F100587F2A /* Game.swift in Sources */,
				5C4BBA102B01B71A00063656 /* ContentView.swift in Sources */,
				5C4BBA0E2B01B71A00063656 /* JustReffinApp.swift in Sources */,
				5C3DBC342B34E49B00587F2A /* GameLogsView.swift in Sources */,
			);
			runOnlyForDeploymentPostprocessing = 0;
		};
		5C4BBA162B01B71C00063656 /* Sources */ = {
			isa = PBXSourcesBuildPhase;
			buildActionMask = 2147483647;
			files = (
				5C4BBA1F2B01B71C00063656 /* JustReffinTests.swift in Sources */,
			);
			runOnlyForDeploymentPostprocessing = 0;
		};
		5C4BBA202B01B71C00063656 /* Sources */ = {
			isa = PBXSourcesBuildPhase;
			buildActionMask = 2147483647;
			files = (
				5C4BBA2B2B01B71C00063656 /* JustReffinUITestsLaunchTests.swift in Sources */,
				5C4BBA292B01B71C00063656 /* JustReffinUITests.swift in Sources */,
			);
			runOnlyForDeploymentPostprocessing = 0;
		};
/* End PBXSourcesBuildPhase section */

/* Begin PBXTargetDependency section */
		5C4BBA1C2B01B71C00063656 /* PBXTargetDependency */ = {
			isa = PBXTargetDependency;
			target = 5C4BBA092B01B71A00063656 /* JustReffin */;
			targetProxy = 5C4BBA1B2B01B71C00063656 /* PBXContainerItemProxy */;
		};
		5C4BBA262B01B71C00063656 /* PBXTargetDependency */ = {
			isa = PBXTargetDependency;
			target = 5C4BBA092B01B71A00063656 /* JustReffin */;
			targetProxy = 5C4BBA252B01B71C00063656 /* PBXContainerItemProxy */;
		};
/* End PBXTargetDependency section */

/* Begin XCBuildConfiguration section */
		5C4BBA2C2B01B71C00063656 /* Debug */ = {
			isa = XCBuildConfiguration;
			buildSettings = {
				ALWAYS_SEARCH_USER_PATHS = NO;
				ASSETCATALOG_COMPILER_GENERATE_SWIFT_ASSET_SYMBOL_EXTENSIONS = YES;
				CLANG_ANALYZER_NONNULL = YES;
				CLANG_ANALYZER_NUMBER_OBJECT_CONVERSION = YES_AGGRESSIVE;
				CLANG_CXX_LANGUAGE_STANDARD = "gnu++20";
				CLANG_ENABLE_MODULES = YES;
				CLANG_ENABLE_OBJC_ARC = YES;
				CLANG_ENABLE_OBJC_WEAK = YES;
				CLANG_WARN_BLOCK_CAPTURE_AUTORELEASING = YES;
				CLANG_WARN_BOOL_CONVERSION = YES;
				CLANG_WARN_COMMA = YES;
				CLANG_WARN_CONSTANT_CONVERSION = YES;
				CLANG_WARN_DEPRECATED_OBJC_IMPLEMENTATIONS = YES;
				CLANG_WARN_DIRECT_OBJC_ISA_USAGE = YES_ERROR;
				CLANG_WARN_DOCUMENTATION_COMMENTS = YES;
				CLANG_WARN_EMPTY_BODY = YES;
				CLANG_WARN_ENUM_CONVERSION = YES;
				CLANG_WARN_INFINITE_RECURSION = YES;
				CLANG_WARN_INT_CONVERSION = YES;
				CLANG_WARN_NON_LITERAL_NULL_CONVERSION = YES;
				CLANG_WARN_OBJC_IMPLICIT_RETAIN_SELF = YES;
				CLANG_WARN_OBJC_LITERAL_CONVERSION = YES;
				CLANG_WARN_OBJC_ROOT_CLASS = YES_ERROR;
				CLANG_WARN_QUOTED_INCLUDE_IN_FRAMEWORK_HEADER = YES;
				CLANG_WARN_RANGE_LOOP_ANALYSIS = YES;
				CLANG_WARN_STRICT_PROTOTYPES = YES;
				CLANG_WARN_SUSPICIOUS_MOVE = YES;
				CLANG_WARN_UNGUARDED_AVAILABILITY = YES_AGGRESSIVE;
				CLANG_WARN_UNREACHABLE_CODE = YES;
				CLANG_WARN__DUPLICATE_METHOD_MATCH = YES;
				COPY_PHASE_STRIP = NO;
				DEBUG_INFORMATION_FORMAT = dwarf;
				ENABLE_STRICT_OBJC_MSGSEND = YES;
				ENABLE_TESTABILITY = YES;
				ENABLE_USER_SCRIPT_SANDBOXING = YES;
				GCC_C_LANGUAGE_STANDARD = gnu17;
				GCC_DYNAMIC_NO_PIC = NO;
				GCC_NO_COMMON_BLOCKS = YES;
				GCC_OPTIMIZATION_LEVEL = 0;
				GCC_PREPROCESSOR_DEFINITIONS = (
					"DEBUG=1",
					"$(inherited)",
				);
				GCC_WARN_64_TO_32_BIT_CONVERSION = YES;
				GCC_WARN_ABOUT_RETURN_TYPE = YES_ERROR;
				GCC_WARN_UNDECLARED_SELECTOR = YES;
				GCC_WARN_UNINITIALIZED_AUTOS = YES_AGGRESSIVE;
				GCC_WARN_UNUSED_FUNCTION = YES;
				GCC_WARN_UNUSED_VARIABLE = YES;
				IPHONEOS_DEPLOYMENT_TARGET = 17.0;
				LOCALIZATION_PREFERS_STRING_CATALOGS = YES;
				MTL_ENABLE_DEBUG_INFO = INCLUDE_SOURCE;
				MTL_FAST_MATH = YES;
				ONLY_ACTIVE_ARCH = YES;
				SDKROOT = iphoneos;
				SWIFT_ACTIVE_COMPILATION_CONDITIONS = "DEBUG $(inherited)";
				SWIFT_OPTIMIZATION_LEVEL = "-Onone";
			};
			name = Debug;
		};
		5C4BBA2D2B01B71C00063656 /* Release */ = {
			isa = XCBuildConfiguration;
			buildSettings = {
				ALWAYS_SEARCH_USER_PATHS = NO;
				ASSETCATALOG_COMPILER_GENERATE_SWIFT_ASSET_SYMBOL_EXTENSIONS = YES;
				CLANG_ANALYZER_NONNULL = YES;
				CLANG_ANALYZER_NUMBER_OBJECT_CONVERSION = YES_AGGRESSIVE;
				CLANG_CXX_LANGUAGE_STANDARD = "gnu++20";
				CLANG_ENABLE_MODULES = YES;
				CLANG_ENABLE_OBJC_ARC = YES;
				CLANG_ENABLE_OBJC_WEAK = YES;
				CLANG_WARN_BLOCK_CAPTURE_AUTORELEASING = YES;
				CLANG_WARN_BOOL_CONVERSION = YES;
				CLANG_WARN_COMMA = YES;
				CLANG_WARN_CONSTANT_CONVERSION = YES;
				CLANG_WARN_DEPRECATED_OBJC_IMPLEMENTATIONS = YES;
				CLANG_WARN_DIRECT_OBJC_ISA_USAGE = YES_ERROR;
				CLANG_WARN_DOCUMENTATION_COMMENTS = YES;
				CLANG_WARN_EMPTY_BODY = YES;
				CLANG_WARN_ENUM_CONVERSION = YES;
				CLANG_WARN_INFINITE_RECURSION = YES;
				CLANG_WARN_INT_CONVERSION = YES;
				CLANG_WARN_NON_LITERAL_NULL_CONVERSION = YES;
				CLANG_WARN_OBJC_IMPLICIT_RETAIN_SELF = YES;
				CLANG_WARN_OBJC_LITERAL_CONVERSION = YES;
				CLANG_WARN_OBJC_ROOT_CLASS = YES_ERROR;
				CLANG_WARN_QUOTED_INCLUDE_IN_FRAMEWORK_HEADER = YES;
				CLANG_WARN_RANGE_LOOP_ANALYSIS = YES;
				CLANG_WARN_STRICT_PROTOTYPES = YES;
				CLANG_WARN_SUSPICIOUS_MOVE = YES;
				CLANG_WARN_UNGUARDED_AVAILABILITY = YES_AGGRESSIVE;
				CLANG_WARN_UNREACHABLE_CODE = YES;
				CLANG_WARN__DUPLICATE_METHOD_MATCH = YES;
				COPY_PHASE_STRIP = NO;
				DEBUG_INFORMATION_FORMAT = "dwarf-with-dsym";
				ENABLE_NS_ASSERTIONS = NO;
				ENABLE_STRICT_OBJC_MSGSEND = YES;
				ENABLE_USER_SCRIPT_SANDBOXING = YES;
				GCC_C_LANGUAGE_STANDARD = gnu17;
				GCC_NO_COMMON_BLOCKS = YES;
				GCC_WARN_64_TO_32_BIT_CONVERSION = YES;
				GCC_WARN_ABOUT_RETURN_TYPE = YES_ERROR;
				GCC_WARN_UNDECLARED_SELECTOR = YES;
				GCC_WARN_UNINITIALIZED_AUTOS = YES_AGGRESSIVE;
				GCC_WARN_UNUSED_FUNCTION = YES;
				GCC_WARN_UNUSED_VARIABLE = YES;
				IPHONEOS_DEPLOYMENT_TARGET = 17.0;
				LOCALIZATION_PREFERS_STRING_CATALOGS = YES;
				MTL_ENABLE_DEBUG_INFO = NO;
				MTL_FAST_MATH = YES;
				SDKROOT = iphoneos;
				SWIFT_COMPILATION_MODE = wholemodule;
				VALIDATE_PRODUCT = YES;
			};
			name = Release;
		};
		5C4BBA2F2B01B71C00063656 /* Debug */ = {
			isa = XCBuildConfiguration;
			buildSettings = {
				ASSETCATALOG_COMPILER_APPICON_NAME = AppIcon;
				ASSETCATALOG_COMPILER_GLOBAL_ACCENT_COLOR_NAME = AccentColor;
				CODE_SIGN_STYLE = Automatic;
				CURRENT_PROJECT_VERSION = 1;
				DEVELOPMENT_ASSET_PATHS = "\"JustReffin/Preview Content\"";
				DEVELOPMENT_TEAM = 4KUA2GQWTP;
				ENABLE_PREVIEWS = YES;
				GENERATE_INFOPLIST_FILE = YES;
				INFOPLIST_KEY_UIApplicationSceneManifest_Generation = YES;
				INFOPLIST_KEY_UIApplicationSupportsIndirectInputEvents = YES;
				INFOPLIST_KEY_UILaunchScreen_Generation = YES;
				INFOPLIST_KEY_UISupportedInterfaceOrientations = UIInterfaceOrientationPortrait;
				LD_RUNPATH_SEARCH_PATHS = (
					"$(inherited)",
					"@executable_path/Frameworks",
				);
				MARKETING_VERSION = 1.0;
				PRODUCT_BUNDLE_IDENTIFIER = JoeRan.JustReffin;
				PRODUCT_NAME = "$(TARGET_NAME)";
				SWIFT_EMIT_LOC_STRINGS = YES;
				SWIFT_VERSION = 5.0;
				TARGETED_DEVICE_FAMILY = "1,2";
			};
			name = Debug;
		};
		5C4BBA302B01B71C00063656 /* Release */ = {
			isa = XCBuildConfiguration;
			buildSettings = {
				ASSETCATALOG_COMPILER_APPICON_NAME = AppIcon;
				ASSETCATALOG_COMPILER_GLOBAL_ACCENT_COLOR_NAME = AccentColor;
				CODE_SIGN_STYLE = Automatic;
				CURRENT_PROJECT_VERSION = 1;
				DEVELOPMENT_ASSET_PATHS = "\"JustReffin/Preview Content\"";
				DEVELOPMENT_TEAM = 4KUA2GQWTP;
				ENABLE_PREVIEWS = YES;
				GENERATE_INFOPLIST_FILE = YES;
				INFOPLIST_KEY_UIApplicationSceneManifest_Generation = YES;
				INFOPLIST_KEY_UIApplicationSupportsIndirectInputEvents = YES;
				INFOPLIST_KEY_UILaunchScreen_Generation = YES;
				INFOPLIST_KEY_UISupportedInterfaceOrientations = UIInterfaceOrientationPortrait;
				LD_RUNPATH_SEARCH_PATHS = (
					"$(inherited)",
					"@executable_path/Frameworks",
				);
				MARKETING_VERSION = 1.0;
				PRODUCT_BUNDLE_IDENTIFIER = JoeRan.JustReffin;
				PRODUCT_NAME = "$(TARGET_NAME)";
				SWIFT_EMIT_LOC_STRINGS = YES;
				SWIFT_VERSION = 5.0;
				TARGETED_DEVICE_FAMILY = "1,2";
			};
			name = Release;
		};
		5C4BBA322B01B71C00063656 /* Debug */ = {
			isa = XCBuildConfiguration;
			buildSettings = {
				ALWAYS_EMBED_SWIFT_STANDARD_LIBRARIES = YES;
				BUNDLE_LOADER = "$(TEST_HOST)";
				CODE_SIGN_STYLE = Automatic;
				CURRENT_PROJECT_VERSION = 1;
				DEVELOPMENT_TEAM = 4KUA2GQWTP;
				GENERATE_INFOPLIST_FILE = YES;
				IPHONEOS_DEPLOYMENT_TARGET = 17.0;
				MARKETING_VERSION = 1.0;
				PRODUCT_BUNDLE_IDENTIFIER = JoeRan.JustReffinTests;
				PRODUCT_NAME = "$(TARGET_NAME)";
				SWIFT_EMIT_LOC_STRINGS = NO;
				SWIFT_VERSION = 5.0;
				TARGETED_DEVICE_FAMILY = "1,2";
				TEST_HOST = "$(BUILT_PRODUCTS_DIR)/JustReffin.app/$(BUNDLE_EXECUTABLE_FOLDER_PATH)/JustReffin";
			};
			name = Debug;
		};
		5C4BBA332B01B71C00063656 /* Release */ = {
			isa = XCBuildConfiguration;
			buildSettings = {
				ALWAYS_EMBED_SWIFT_STANDARD_LIBRARIES = YES;
				BUNDLE_LOADER = "$(TEST_HOST)";
				CODE_SIGN_STYLE = Automatic;
				CURRENT_PROJECT_VERSION = 1;
				DEVELOPMENT_TEAM = 4KUA2GQWTP;
				GENERATE_INFOPLIST_FILE = YES;
				IPHONEOS_DEPLOYMENT_TARGET = 17.0;
				MARKETING_VERSION = 1.0;
				PRODUCT_BUNDLE_IDENTIFIER = JoeRan.JustReffinTests;
				PRODUCT_NAME = "$(TARGET_NAME)";
				SWIFT_EMIT_LOC_STRINGS = NO;
				SWIFT_VERSION = 5.0;
				TARGETED_DEVICE_FAMILY = "1,2";
				TEST_HOST = "$(BUILT_PRODUCTS_DIR)/JustReffin.app/$(BUNDLE_EXECUTABLE_FOLDER_PATH)/JustReffin";
			};
			name = Release;
		};
		5C4BBA352B01B71C00063656 /* Debug */ = {
			isa = XCBuildConfiguration;
			buildSettings = {
				ALWAYS_EMBED_SWIFT_STANDARD_LIBRARIES = YES;
				CODE_SIGN_STYLE = Automatic;
				CURRENT_PROJECT_VERSION = 1;
				DEVELOPMENT_TEAM = 4KUA2GQWTP;
				GENERATE_INFOPLIST_FILE = YES;
				MARKETING_VERSION = 1.0;
				PRODUCT_BUNDLE_IDENTIFIER = JoeRan.JustReffinUITests;
				PRODUCT_NAME = "$(TARGET_NAME)";
				SWIFT_EMIT_LOC_STRINGS = NO;
				SWIFT_VERSION = 5.0;
				TARGETED_DEVICE_FAMILY = "1,2";
				TEST_TARGET_NAME = JustReffin;
			};
			name = Debug;
		};
		5C4BBA362B01B71C00063656 /* Release */ = {
			isa = XCBuildConfiguration;
			buildSettings = {
				ALWAYS_EMBED_SWIFT_STANDARD_LIBRARIES = YES;
				CODE_SIGN_STYLE = Automatic;
				CURRENT_PROJECT_VERSION = 1;
				DEVELOPMENT_TEAM = 4KUA2GQWTP;
				GENERATE_INFOPLIST_FILE = YES;
				MARKETING_VERSION = 1.0;
				PRODUCT_BUNDLE_IDENTIFIER = JoeRan.JustReffinUITests;
				PRODUCT_NAME = "$(TARGET_NAME)";
				SWIFT_EMIT_LOC_STRINGS = NO;
				SWIFT_VERSION = 5.0;
				TARGETED_DEVICE_FAMILY = "1,2";
				TEST_TARGET_NAME = JustReffin;
			};
			name = Release;
		};
/* End XCBuildConfiguration section */

/* Begin XCConfigurationList section */
		5C4BBA052B01B71A00063656 /* Build configuration list for PBXProject "JustReffin" */ = {
			isa = XCConfigurationList;
			buildConfigurations = (
				5C4BBA2C2B01B71C00063656 /* Debug */,
				5C4BBA2D2B01B71C00063656 /* Release */,
			);
			defaultConfigurationIsVisible = 0;
			defaultConfigurationName = Release;
		};
		5C4BBA2E2B01B71C00063656 /* Build configuration list for PBXNativeTarget "JustReffin" */ = {
			isa = XCConfigurationList;
			buildConfigurations = (
				5C4BBA2F2B01B71C00063656 /* Debug */,
				5C4BBA302B01B71C00063656 /* Release */,
			);
			defaultConfigurationIsVisible = 0;
			defaultConfigurationName = Release;
		};
		5C4BBA312B01B71C00063656 /* Build configuration list for PBXNativeTarget "JustReffinTests" */ = {
			isa = XCConfigurationList;
			buildConfigurations = (
				5C4BBA322B01B71C00063656 /* Debug */,
				5C4BBA332B01B71C00063656 /* Release */,
			);
			defaultConfigurationIsVisible = 0;
			defaultConfigurationName = Release;
		};
		5C4BBA342B01B71C00063656 /* Build configuration list for PBXNativeTarget "JustReffinUITests" */ = {
			isa = XCConfigurationList;
			buildConfigurations = (
				5C4BBA352B01B71C00063656 /* Debug */,
				5C4BBA362B01B71C00063656 /* Release */,
			);
			defaultConfigurationIsVisible = 0;
			defaultConfigurationName = Release;
		};
/* End XCConfigurationList section */
	};
	rootObject = 5C4BBA022B01B71A00063656 /* Project object */;
}
